
Microsoft Visual Studio Solution File, Format Version 12.00
# Visual Studio 15
VisualStudioVersion = 15.0.26730.8
MinimumVisualStudioVersion = 10.0.40219.1
Project("{D954291E-2A0B-460D-934E-DC6B0785DB48}") = "AirsoftAPP", "AirsoftAPP\AirsoftAPP\AirsoftAPP.shproj", "{D1802747-FA5E-4AD6-9EA8-20E5226B4AEA}"
EndProject
Project("{FAE04EC0-301F-11D3-BF4B-00C04F79EFBC}") = "AirsoftAPP.Android", "AirsoftAPP\AirsoftAPP.Android\AirsoftAPP.Android.csproj", "{94DA81DC-7869-468E-8BD3-8AE50838DE52}"
EndProject
Project("{FAE04EC0-301F-11D3-BF4B-00C04F79EFBC}") = "AirsoftAPP.iOS", "AirsoftAPP\AirsoftAPP.iOS\AirsoftAPP.iOS.csproj", "{9CB4AE32-34A5-4C84-89B6-D415A738F265}"
EndProject
Project("{FAE04EC0-301F-11D3-BF4B-00C04F79EFBC}") = "AirsoftAPP.UWP", "AirsoftAPP\AirsoftAPP.UWP\AirsoftAPP.UWP.csproj", "{773A341F-5237-4705-8E32-FFE75BA7374B}"
EndProject
Global
	GlobalSection(SharedMSBuildProjectFiles) = preSolution
		AirsoftAPP\AirsoftAPP\AirsoftAPP.projitems*{94da81dc-7869-468e-8bd3-8ae50838de52}*SharedItemsImports = 4
		AirsoftAPP\AirsoftAPP\AirsoftAPP.projitems*{9cb4ae32-34a5-4c84-89b6-d415a738f265}*SharedItemsImports = 4
		AirsoftAPP\AirsoftAPP\AirsoftAPP.projitems*{d1802747-fa5e-4ad6-9ea8-20e5226b4aea}*SharedItemsImports = 13
	EndGlobalSection
	GlobalSection(SolutionConfigurationPlatforms) = preSolution
		Ad-Hoc|Any CPU = Ad-Hoc|Any CPU
		Ad-Hoc|ARM = Ad-Hoc|ARM
		Ad-Hoc|iPhone = Ad-Hoc|iPhone
		Ad-Hoc|iPhoneSimulator = Ad-Hoc|iPhoneSimulator
		Ad-Hoc|x64 = Ad-Hoc|x64
		Ad-Hoc|x86 = Ad-Hoc|x86
		AppStore|Any CPU = AppStore|Any CPU
		AppStore|ARM = AppStore|ARM
		AppStore|iPhone = AppStore|iPhone
		AppStore|iPhoneSimulator = AppStore|iPhoneSimulator
		AppStore|x64 = AppStore|x64
		AppStore|x86 = AppStore|x86
		Debug|Any CPU = Debug|Any CPU
		Debug|ARM = Debug|ARM
		Debug|iPhone = Debug|iPhone
		Debug|iPhoneSimulator = Debug|iPhoneSimulator
		Debug|x64 = Debug|x64
		Debug|x86 = Debug|x86
		Release|Any CPU = Release|Any CPU
		Release|ARM = Release|ARM
		Release|iPhone = Release|iPhone
		Release|iPhoneSimulator = Release|iPhoneSimulator
		Release|x64 = Release|x64
		Release|x86 = Release|x86
	EndGlobalSection
	GlobalSection(ProjectConfigurationPlatforms) = postSolution
		{94DA81DC-7869-468E-8BD3-8AE50838DE52}.Ad-Hoc|Any CPU.ActiveCfg = Release|Any CPU
		{94DA81DC-7869-468E-8BD3-8AE50838DE52}.Ad-Hoc|Any CPU.Build.0 = Release|Any CPU
		{94DA81DC-7869-468E-8BD3-8AE50838DE52}.Ad-Hoc|Any CPU.Deploy.0 = Release|Any CPU
		{94DA81DC-7869-468E-8BD3-8AE50838DE52}.Ad-Hoc|ARM.ActiveCfg = Release|Any CPU
		{94DA81DC-7869-468E-8BD3-8AE50838DE52}.Ad-Hoc|ARM.Build.0 = Release|Any CPU
		{94DA81DC-7869-468E-8BD3-8AE50838DE52}.Ad-Hoc|ARM.Deploy.0 = Release|Any CPU
		{94DA81DC-7869-468E-8BD3-8AE50838DE52}.Ad-Hoc|iPhone.ActiveCfg = Release|Any CPU
		{94DA81DC-7869-468E-8BD3-8AE50838DE52}.Ad-Hoc|iPhone.Build.0 = Release|Any CPU
		{94DA81DC-7869-468E-8BD3-8AE50838DE52}.Ad-Hoc|iPhone.Deploy.0 = Release|Any CPU
		{94DA81DC-7869-468E-8BD3-8AE50838DE52}.Ad-Hoc|iPhoneSimulator.ActiveCfg = Release|Any CPU
		{94DA81DC-7869-468E-8BD3-8AE50838DE52}.Ad-Hoc|iPhoneSimulator.Build.0 = Release|Any CPU
		{94DA81DC-7869-468E-8BD3-8AE50838DE52}.Ad-Hoc|iPhoneSimulator.Deploy.0 = Release|Any CPU
		{94DA81DC-7869-468E-8BD3-8AE50838DE52}.Ad-Hoc|x64.ActiveCfg = Release|Any CPU
		{94DA81DC-7869-468E-8BD3-8AE50838DE52}.Ad-Hoc|x64.Build.0 = Release|Any CPU
		{94DA81DC-7869-468E-8BD3-8AE50838DE52}.Ad-Hoc|x64.Deploy.0 = Release|Any CPU
		{94DA81DC-7869-468E-8BD3-8AE50838DE52}.Ad-Hoc|x86.ActiveCfg = Release|Any CPU
		{94DA81DC-7869-468E-8BD3-8AE50838DE52}.Ad-Hoc|x86.Build.0 = Release|Any CPU
		{94DA81DC-7869-468E-8BD3-8AE50838DE52}.Ad-Hoc|x86.Deploy.0 = Release|Any CPU
		{94DA81DC-7869-468E-8BD3-8AE50838DE52}.AppStore|Any CPU.ActiveCfg = Release|Any CPU
		{94DA81DC-7869-468E-8BD3-8AE50838DE52}.AppStore|Any CPU.Build.0 = Release|Any CPU
		{94DA81DC-7869-468E-8BD3-8AE50838DE52}.AppStore|Any CPU.Deploy.0 = Release|Any CPU
		{94DA81DC-7869-468E-8BD3-8AE50838DE52}.AppStore|ARM.ActiveCfg = Release|Any CPU
		{94DA81DC-7869-468E-8BD3-8AE50838DE52}.AppStore|ARM.Build.0 = Release|Any CPU
		{94DA81DC-7869-468E-8BD3-8AE50838DE52}.AppStore|ARM.Deploy.0 = Release|Any CPU
		{94DA81DC-7869-468E-8BD3-8AE50838DE52}.AppStore|iPhone.ActiveCfg = Release|Any CPU
		{94DA81DC-7869-468E-8BD3-8AE50838DE52}.AppStore|iPhone.Build.0 = Release|Any CPU
		{94DA81DC-7869-468E-8BD3-8AE50838DE52}.AppStore|iPhone.Deploy.0 = Release|Any CPU
		{94DA81DC-7869-468E-8BD3-8AE50838DE52}.AppStore|iPhoneSimulator.ActiveCfg = Release|Any CPU
		{94DA81DC-7869-468E-8BD3-8AE50838DE52}.AppStore|iPhoneSimulator.Build.0 = Release|Any CPU
		{94DA81DC-7869-468E-8BD3-8AE50838DE52}.AppStore|iPhoneSimulator.Deploy.0 = Release|Any CPU
		{94DA81DC-7869-468E-8BD3-8AE50838DE52}.AppStore|x64.ActiveCfg = Release|Any CPU
		{94DA81DC-7869-468E-8BD3-8AE50838DE52}.AppStore|x64.Build.0 = Release|Any CPU
		{94DA81DC-7869-468E-8BD3-8AE50838DE52}.AppStore|x64.Deploy.0 = Release|Any CPU
		{94DA81DC-7869-468E-8BD3-8AE50838DE52}.AppStore|x86.ActiveCfg = Release|Any CPU
		{94DA81DC-7869-468E-8BD3-8AE50838DE52}.AppStore|x86.Build.0 = Release|Any CPU
		{94DA81DC-7869-468E-8BD3-8AE50838DE52}.AppStore|x86.Deploy.0 = Release|Any CPU
		{94DA81DC-7869-468E-8BD3-8AE50838DE52}.Debug|Any CPU.ActiveCfg = Debug|Any CPU
		{94DA81DC-7869-468E-8BD3-8AE50838DE52}.Debug|Any CPU.Build.0 = Debug|Any CPU
		{94DA81DC-7869-468E-8BD3-8AE50838DE52}.Debug|Any CPU.Deploy.0 = Debug|Any CPU
		{94DA81DC-7869-468E-8BD3-8AE50838DE52}.Debug|ARM.ActiveCfg = Debug|Any CPU
		{94DA81DC-7869-468E-8BD3-8AE50838DE52}.Debug|ARM.Build.0 = Debug|Any CPU
		{94DA81DC-7869-468E-8BD3-8AE50838DE52}.Debug|ARM.Deploy.0 = Debug|Any CPU
		{94DA81DC-7869-468E-8BD3-8AE50838DE52}.Debug|iPhone.ActiveCfg = Debug|Any CPU
		{94DA81DC-7869-468E-8BD3-8AE50838DE52}.Debug|iPhone.Build.0 = Debug|Any CPU
		{94DA81DC-7869-468E-8BD3-8AE50838DE52}.Debug|iPhone.Deploy.0 = Debug|Any CPU
		{94DA81DC-7869-468E-8BD3-8AE50838DE52}.Debug|iPhoneSimulator.ActiveCfg = Debug|Any CPU
		{94DA81DC-7869-468E-8BD3-8AE50838DE52}.Debug|iPhoneSimulator.Build.0 = Debug|Any CPU
		{94DA81DC-7869-468E-8BD3-8AE50838DE52}.Debug|iPhoneSimulator.Deploy.0 = Debug|Any CPU
		{94DA81DC-7869-468E-8BD3-8AE50838DE52}.Debug|x64.ActiveCfg = Debug|Any CPU
		{94DA81DC-7869-468E-8BD3-8AE50838DE52}.Debug|x64.Build.0 = Debug|Any CPU
		{94DA81DC-7869-468E-8BD3-8AE50838DE52}.Debug|x64.Deploy.0 = Debug|Any CPU
		{94DA81DC-7869-468E-8BD3-8AE50838DE52}.Debug|x86.ActiveCfg = Debug|Any CPU
		{94DA81DC-7869-468E-8BD3-8AE50838DE52}.Debug|x86.Build.0 = Debug|Any CPU
		{94DA81DC-7869-468E-8BD3-8AE50838DE52}.Debug|x86.Deploy.0 = Debug|Any CPU
		{94DA81DC-7869-468E-8BD3-8AE50838DE52}.Release|Any CPU.ActiveCfg = Release|Any CPU
		{94DA81DC-7869-468E-8BD3-8AE50838DE52}.Release|Any CPU.Build.0 = Release|Any CPU
		{94DA81DC-7869-468E-8BD3-8AE50838DE52}.Release|Any CPU.Deploy.0 = Release|Any CPU
		{94DA81DC-7869-468E-8BD3-8AE50838DE52}.Release|ARM.ActiveCfg = Release|Any CPU
		{94DA81DC-7869-468E-8BD3-8AE50838DE52}.Release|ARM.Build.0 = Release|Any CPU
		{94DA81DC-7869-468E-8BD3-8AE50838DE52}.Release|ARM.Deploy.0 = Release|Any CPU
		{94DA81DC-7869-468E-8BD3-8AE50838DE52}.Release|iPhone.ActiveCfg = Release|Any CPU
		{94DA81DC-7869-468E-8BD3-8AE50838DE52}.Release|iPhone.Build.0 = Release|Any CPU
		{94DA81DC-7869-468E-8BD3-8AE50838DE52}.Release|iPhone.Deploy.0 = Release|Any CPU
		{94DA81DC-7869-468E-8BD3-8AE50838DE52}.Release|iPhoneSimulator.ActiveCfg = Release|Any CPU
		{94DA81DC-7869-468E-8BD3-8AE50838DE52}.Release|iPhoneSimulator.Build.0 = Release|Any CPU
		{94DA81DC-7869-468E-8BD3-8AE50838DE52}.Release|iPhoneSimulator.Deploy.0 = Release|Any CPU
		{94DA81DC-7869-468E-8BD3-8AE50838DE52}.Release|x64.ActiveCfg = Release|Any CPU
		{94DA81DC-7869-468E-8BD3-8AE50838DE52}.Release|x64.Build.0 = Release|Any CPU
		{94DA81DC-7869-468E-8BD3-8AE50838DE52}.Release|x64.Deploy.0 = Release|Any CPU
		{94DA81DC-7869-468E-8BD3-8AE50838DE52}.Release|x86.ActiveCfg = Release|Any CPU
		{94DA81DC-7869-468E-8BD3-8AE50838DE52}.Release|x86.Build.0 = Release|Any CPU
		{94DA81DC-7869-468E-8BD3-8AE50838DE52}.Release|x86.Deploy.0 = Release|Any CPU
		{9CB4AE32-34A5-4C84-89B6-D415A738F265}.Ad-Hoc|Any CPU.ActiveCfg = Ad-Hoc|iPhone
		{9CB4AE32-34A5-4C84-89B6-D415A738F265}.Ad-Hoc|ARM.ActiveCfg = Ad-Hoc|iPhone
		{9CB4AE32-34A5-4C84-89B6-D415A738F265}.Ad-Hoc|iPhone.ActiveCfg = Ad-Hoc|iPhone
		{9CB4AE32-34A5-4C84-89B6-D415A738F265}.Ad-Hoc|iPhone.Build.0 = Ad-Hoc|iPhone
		{9CB4AE32-34A5-4C84-89B6-D415A738F265}.Ad-Hoc|iPhoneSimulator.ActiveCfg = Ad-Hoc|iPhoneSimulator
		{9CB4AE32-34A5-4C84-89B6-D415A738F265}.Ad-Hoc|iPhoneSimulator.Build.0 = Ad-Hoc|iPhoneSimulator
		{9CB4AE32-34A5-4C84-89B6-D415A738F265}.Ad-Hoc|x64.ActiveCfg = Ad-Hoc|iPhone
		{9CB4AE32-34A5-4C84-89B6-D415A738F265}.Ad-Hoc|x86.ActiveCfg = Ad-Hoc|iPhone
		{9CB4AE32-34A5-4C84-89B6-D415A738F265}.AppStore|Any CPU.ActiveCfg = AppStore|iPhone
		{9CB4AE32-34A5-4C84-89B6-D415A738F265}.AppStore|ARM.ActiveCfg = AppStore|iPhone
		{9CB4AE32-34A5-4C84-89B6-D415A738F265}.AppStore|iPhone.ActiveCfg = AppStore|iPhone
		{9CB4AE32-34A5-4C84-89B6-D415A738F265}.AppStore|iPhone.Build.0 = AppStore|iPhone
		{9CB4AE32-34A5-4C84-89B6-D415A738F265}.AppStore|iPhoneSimulator.ActiveCfg = AppStore|iPhoneSimulator
		{9CB4AE32-34A5-4C84-89B6-D415A738F265}.AppStore|iPhoneSimulator.Build.0 = AppStore|iPhoneSimulator
		{9CB4AE32-34A5-4C84-89B6-D415A738F265}.AppStore|x64.ActiveCfg = AppStore|iPhone
		{9CB4AE32-34A5-4C84-89B6-D415A738F265}.AppStore|x86.ActiveCfg = AppStore|iPhone
		{9CB4AE32-34A5-4C84-89B6-D415A738F265}.Debug|Any CPU.ActiveCfg = Debug|iPhone
		{9CB4AE32-34A5-4C84-89B6-D415A738F265}.Debug|ARM.ActiveCfg = Debug|iPhone
		{9CB4AE32-34A5-4C84-89B6-D415A738F265}.Debug|iPhone.ActiveCfg = Debug|iPhone
		{9CB4AE32-34A5-4C84-89B6-D415A738F265}.Debug|iPhone.Build.0 = Debug|iPhone
		{9CB4AE32-34A5-4C84-89B6-D415A738F265}.Debug|iPhoneSimulator.ActiveCfg = Debug|iPhoneSimulator
		{9CB4AE32-34A5-4C84-89B6-D415A738F265}.Debug|iPhoneSimulator.Build.0 = Debug|iPhoneSimulator
		{9CB4AE32-34A5-4C84-89B6-D415A738F265}.Debug|x64.ActiveCfg = Debug|iPhone
		{9CB4AE32-34A5-4C84-89B6-D415A738F265}.Debug|x86.ActiveCfg = Debug|iPhone
		{9CB4AE32-34A5-4C84-89B6-D415A738F265}.Release|Any CPU.ActiveCfg = Release|iPhone
		{9CB4AE32-34A5-4C84-89B6-D415A738F265}.Release|ARM.ActiveCfg = Release|iPhone
		{9CB4AE32-34A5-4C84-89B6-D415A738F265}.Release|iPhone.ActiveCfg = Release|iPhone
		{9CB4AE32-34A5-4C84-89B6-D415A738F265}.Release|iPhone.Build.0 = Release|iPhone
		{9CB4AE32-34A5-4C84-89B6-D415A738F265}.Release|iPhoneSimulator.ActiveCfg = Release|iPhoneSimulator
		{9CB4AE32-34A5-4C84-89B6-D415A738F265}.Release|iPhoneSimulator.Build.0 = Release|iPhoneSimulator
		{9CB4AE32-34A5-4C84-89B6-D415A738F265}.Release|x64.ActiveCfg = Release|iPhone
		{9CB4AE32-34A5-4C84-89B6-D415A738F265}.Release|x86.ActiveCfg = Release|iPhone
		{773A341F-5237-4705-8E32-FFE75BA7374B}.Ad-Hoc|Any CPU.ActiveCfg = Release|x86
		{773A341F-5237-4705-8E32-FFE75BA7374B}.Ad-Hoc|Any CPU.Build.0 = Release|x86
		{773A341F-5237-4705-8E32-FFE75BA7374B}.Ad-Hoc|Any CPU.Deploy.0 = Release|x86
		{773A341F-5237-4705-8E32-FFE75BA7374B}.Ad-Hoc|ARM.ActiveCfg = Release|ARM
		{773A341F-5237-4705-8E32-FFE75BA7374B}.Ad-Hoc|ARM.Build.0 = Release|ARM
		{773A341F-5237-4705-8E32-FFE75BA7374B}.Ad-Hoc|ARM.Deploy.0 = Release|ARM
		{773A341F-5237-4705-8E32-FFE75BA7374B}.Ad-Hoc|iPhone.ActiveCfg = Release|x86
		{773A341F-5237-4705-8E32-FFE75BA7374B}.Ad-Hoc|iPhone.Build.0 = Release|x86
		{773A341F-5237-4705-8E32-FFE75BA7374B}.Ad-Hoc|iPhone.Deploy.0 = Release|x86
		{773A341F-5237-4705-8E32-FFE75BA7374B}.Ad-Hoc|iPhoneSimulator.ActiveCfg = Release|x86
		{773A341F-5237-4705-8E32-FFE75BA7374B}.Ad-Hoc|iPhoneSimulator.Build.0 = Release|x86
		{773A341F-5237-4705-8E32-FFE75BA7374B}.Ad-Hoc|iPhoneSimulator.Deploy.0 = Release|x86
		{773A341F-5237-4705-8E32-FFE75BA7374B}.Ad-Hoc|x64.ActiveCfg = Release|x64
		{773A341F-5237-4705-8E32-FFE75BA7374B}.Ad-Hoc|x64.Build.0 = Release|x64
		{773A341F-5237-4705-8E32-FFE75BA7374B}.Ad-Hoc|x64.Deploy.0 = Release|x64
		{773A341F-5237-4705-8E32-FFE75BA7374B}.Ad-Hoc|x86.ActiveCfg = Release|x86
		{773A341F-5237-4705-8E32-FFE75BA7374B}.Ad-Hoc|x86.Build.0 = Release|x86
		{773A341F-5237-4705-8E32-FFE75BA7374B}.Ad-Hoc|x86.Deploy.0 = Release|x86
		{773A341F-5237-4705-8E32-FFE75BA7374B}.AppStore|Any CPU.ActiveCfg = Release|x86
		{773A341F-5237-4705-8E32-FFE75BA7374B}.AppStore|Any CPU.Build.0 = Release|x86
		{773A341F-5237-4705-8E32-FFE75BA7374B}.AppStore|Any CPU.Deploy.0 = Release|x86
		{773A341F-5237-4705-8E32-FFE75BA7374B}.AppStore|ARM.ActiveCfg = Release|ARM
		{773A341F-5237-4705-8E32-FFE75BA7374B}.AppStore|ARM.Build.0 = Release|ARM
		{773A341F-5237-4705-8E32-FFE75BA7374B}.AppStore|ARM.Deploy.0 = Release|ARM
		{773A341F-5237-4705-8E32-FFE75BA7374B}.AppStore|iPhone.ActiveCfg = Release|x86
		{773A341F-5237-4705-8E32-FFE75BA7374B}.AppStore|iPhone.Build.0 = Release|x86
		{773A341F-5237-4705-8E32-FFE75BA7374B}.AppStore|iPhone.Deploy.0 = Release|x86
		{773A341F-5237-4705-8E32-FFE75BA7374B}.AppStore|iPhoneSimulator.ActiveCfg = Release|x86
		{773A341F-5237-4705-8E32-FFE75BA7374B}.AppStore|iPhoneSimulator.Build.0 = Release|x86
		{773A341F-5237-4705-8E32-FFE75BA7374B}.AppStore|iPhoneSimulator.Deploy.0 = Release|x86
		{773A341F-5237-4705-8E32-FFE75BA7374B}.AppStore|x64.ActiveCfg = Release|x64
		{773A341F-5237-4705-8E32-FFE75BA7374B}.AppStore|x64.Build.0 = Release|x64
		{773A341F-5237-4705-8E32-FFE75BA7374B}.AppStore|x64.Deploy.0 = Release|x64
		{773A341F-5237-4705-8E32-FFE75BA7374B}.AppStore|x86.ActiveCfg = Release|x86
		{773A341F-5237-4705-8E32-FFE75BA7374B}.AppStore|x86.Build.0 = Release|x86
		{773A341F-5237-4705-8E32-FFE75BA7374B}.AppStore|x86.Deploy.0 = Release|x86
		{773A341F-5237-4705-8E32-FFE75BA7374B}.Debug|Any CPU.ActiveCfg = Debug|x86
		{773A341F-5237-4705-8E32-FFE75BA7374B}.Debug|ARM.ActiveCfg = Debug|ARM
		{773A341F-5237-4705-8E32-FFE75BA7374B}.Debug|ARM.Build.0 = Debug|ARM
		{773A341F-5237-4705-8E32-FFE75BA7374B}.Debug|ARM.Deploy.0 = Debug|ARM
		{773A341F-5237-4705-8E32-FFE75BA7374B}.Debug|iPhone.ActiveCfg = Debug|x86
		{773A341F-5237-4705-8E32-FFE75BA7374B}.Debug|iPhoneSimulator.ActiveCfg = Debug|x86
		{773A341F-5237-4705-8E32-FFE75BA7374B}.Debug|x64.ActiveCfg = Debug|x64
		{773A341F-5237-4705-8E32-FFE75BA7374B}.Debug|x64.Build.0 = Debug|x64
		{773A341F-5237-4705-8E32-FFE75BA7374B}.Debug|x64.Deploy.0 = Debug|x64
		{773A341F-5237-4705-8E32-FFE75BA7374B}.Debug|x86.ActiveCfg = Debug|x86
		{773A341F-5237-4705-8E32-FFE75BA7374B}.Debug|x86.Build.0 = Debug|x86
		{773A341F-5237-4705-8E32-FFE75BA7374B}.Debug|x86.Deploy.0 = Debug|x86
		{773A341F-5237-4705-8E32-FFE75BA7374B}.Release|Any CPU.ActiveCfg = Release|x86
		{773A341F-5237-4705-8E32-FFE75BA7374B}.Release|ARM.ActiveCfg = Release|ARM
		{773A341F-5237-4705-8E32-FFE75BA7374B}.Release|ARM.Build.0 = Release|ARM
		{773A341F-5237-4705-8E32-FFE75BA7374B}.Release|ARM.Deploy.0 = Release|ARM
		{773A341F-5237-4705-8E32-FFE75BA7374B}.Release|iPhone.ActiveCfg = Release|x86
		{773A341F-5237-4705-8E32-FFE75BA7374B}.Release|iPhoneSimulator.ActiveCfg = Release|x86
		{773A341F-5237-4705-8E32-FFE75BA7374B}.Release|x64.ActiveCfg = Release|x64
		{773A341F-5237-4705-8E32-FFE75BA7374B}.Release|x64.Build.0 = Release|x64
		{773A341F-5237-4705-8E32-FFE75BA7374B}.Release|x64.Deploy.0 = Release|x64
		{773A341F-5237-4705-8E32-FFE75BA7374B}.Release|x86.ActiveCfg = Release|x86
		{773A341F-5237-4705-8E32-FFE75BA7374B}.Release|x86.Build.0 = Release|x86
		{773A341F-5237-4705-8E32-FFE75BA7374B}.Release|x86.Deploy.0 = Release|x86
	EndGlobalSection
	GlobalSection(SolutionProperties) = preSolution
		HideSolutionNode = FALSE
	EndGlobalSection
	GlobalSection(ExtensibilityGlobals) = postSolution
		SolutionGuid = {45DBEC4B-72CC-4CA5-886D-154E76080CC8}
	EndGlobalSection
EndGlobal
