
Microsoft Visual Studio Solution File, Format Version 12.00
# Visual Studio 15
VisualStudioVersion = 15.0.26730.8
MinimumVisualStudioVersion = 10.0.40219.1
Project("{FAE04EC0-301F-11D3-BF4B-00C04F79EFBC}") = "AirsoftAndroidApp", "AirsoftAndroidApp\AirsoftAndroidApp.csproj", "{5CB9401C-D2DB-43C2-97C4-42269E5A0E10}"
EndProject
Global
	GlobalSection(SolutionConfigurationPlatforms) = preSolution
		Debug|Any CPU = Debug|Any CPU
		Release|Any CPU = Release|Any CPU
	EndGlobalSection
	GlobalSection(ProjectConfigurationPlatforms) = postSolution
		{5CB9401C-D2DB-43C2-97C4-42269E5A0E10}.Debug|Any CPU.ActiveCfg = Debug|Any CPU
		{5CB9401C-D2DB-43C2-97C4-42269E5A0E10}.Debug|Any CPU.Build.0 = Debug|Any CPU
		{5CB9401C-D2DB-43C2-97C4-42269E5A0E10}.Debug|Any CPU.Deploy.0 = Debug|Any CPU
		{5CB9401C-D2DB-43C2-97C4-42269E5A0E10}.Release|Any CPU.ActiveCfg = Release|Any CPU
		{5CB9401C-D2DB-43C2-97C4-42269E5A0E10}.Release|Any CPU.Build.0 = Release|Any CPU
		{5CB9401C-D2DB-43C2-97C4-42269E5A0E10}.Release|Any CPU.Deploy.0 = Release|Any CPU
	EndGlobalSection
	GlobalSection(SolutionProperties) = preSolution
		HideSolutionNode = FALSE
	EndGlobalSection
	GlobalSection(ExtensibilityGlobals) = postSolution
		SolutionGuid = {45DBEC4B-72CC-4CA5-886D-154E76080CC8}
	EndGlobalSection
EndGlobal
